// !$*UTF8*$!
{
	archiveVersion = 1;
	classes = {
	};
	objectVersion = 77;
	objects = {

/* Begin PBXContainerItemProxy section */
		AABD439F2C9B2E8100C6D16D /* PBXContainerItemProxy */ = {
			isa = PBXContainerItemProxy;
			containerPortal = AABD43802C9B2E8000C6D16D /* Project object */;
			proxyType = 1;
			remoteGlobalIDString = AABD43872C9B2E8000C6D16D;
			remoteInfo = AtlysDemoProject;
		};
		AABD43A92C9B2E8200C6D16D /* PBXContainerItemProxy */ = {
			isa = PBXContainerItemProxy;
			containerPortal = AABD43802C9B2E8000C6D16D /* Project object */;
			proxyType = 1;
			remoteGlobalIDString = AABD43872C9B2E8000C6D16D;
			remoteInfo = AtlysDemoProject;
		};
/* End PBXContainerItemProxy section */

/* Begin PBXFileReference section */
		AABD43882C9B2E8000C6D16D /* AtlysDemoProject.app */ = {isa = PBXFileReference; explicitFileType = wrapper.application; includeInIndex = 0; path = AtlysDemoProject.app; sourceTree = BUILT_PRODUCTS_DIR; };
		AABD439E2C9B2E8100C6D16D /* AtlysDemoProjectTests.xctest */ = {isa = PBXFileReference; explicitFileType = wrapper.cfbundle; includeInIndex = 0; path = AtlysDemoProjectTests.xctest; sourceTree = BUILT_PRODUCTS_DIR; };
		AABD43A82C9B2E8200C6D16D /* AtlysDemoProjectUITests.xctest */ = {isa = PBXFileReference; explicitFileType = wrapper.cfbundle; includeInIndex = 0; path = AtlysDemoProjectUITests.xctest; sourceTree = BUILT_PRODUCTS_DIR; };
/* End PBXFileReference section */

/* Begin PBXFileSystemSynchronizedBuildFileExceptionSet section */
		AABD43B02C9B2E8200C6D16D /* Exceptions for "AtlysDemoProject" folder in "AtlysDemoProject" target */ = {
			isa = PBXFileSystemSynchronizedBuildFileExceptionSet;
			membershipExceptions = (
				Info.plist,
			);
			target = AABD43872C9B2E8000C6D16D /* AtlysDemoProject */;
		};
/* End PBXFileSystemSynchronizedBuildFileExceptionSet section */

/* Begin PBXFileSystemSynchronizedRootGroup section */
		AABD438A2C9B2E8000C6D16D /* AtlysDemoProject */ = {
			isa = PBXFileSystemSynchronizedRootGroup;
			exceptions = (
				AABD43B02C9B2E8200C6D16D /* Exceptions for "AtlysDemoProject" folder in "AtlysDemoProject" target */,
			);
			path = AtlysDemoProject;
			sourceTree = "<group>";
		};
		AABD43A12C9B2E8100C6D16D /* AtlysDemoProjectTests */ = {
			isa = PBXFileSystemSynchronizedRootGroup;
			path = AtlysDemoProjectTests;
			sourceTree = "<group>";
		};
		AABD43AB2C9B2E8200C6D16D /* AtlysDemoProjectUITests */ = {
			isa = PBXFileSystemSynchronizedRootGroup;
			path = AtlysDemoProjectUITests;
			sourceTree = "<group>";
		};
/* End PBXFileSystemSynchronizedRootGroup section */

/* Begin PBXFrameworksBuildPhase section */
		AABD43852C9B2E8000C6D16D /* Frameworks */ = {
			isa = PBXFrameworksBuildPhase;
			buildActionMask = 2147483647;
			files = (
			);
			runOnlyForDeploymentPostprocessing = 0;
		};
		AABD439B2C9B2E8100C6D16D /* Frameworks */ = {
			isa = PBXFrameworksBuildPhase;
			buildActionMask = 2147483647;
			files = (
			);
			runOnlyForDeploymentPostprocessing = 0;
		};
		AABD43A52C9B2E8100C6D16D /* Frameworks */ = {
			isa = PBXFrameworksBuildPhase;
			buildActionMask = 2147483647;
			files = (
			);
			runOnlyForDeploymentPostprocessing = 0;
		};
/* End PBXFrameworksBuildPhase section */

/* Begin PBXGroup section */
		AABD437F2C9B2E8000C6D16D = {
			isa = PBXGroup;
			children = (
				AABD438A2C9B2E8000C6D16D /* AtlysDemoProject */,
				AABD43A12C9B2E8100C6D16D /* AtlysDemoProjectTests */,
				AABD43AB2C9B2E8200C6D16D /* AtlysDemoProjectUITests */,
				AABD43892C9B2E8000C6D16D /* Products */,
			);
			sourceTree = "<group>";
		};
		AABD43892C9B2E8000C6D16D /* Products */ = {
			isa = PBXGroup;
			children = (
				AABD43882C9B2E8000C6D16D /* AtlysDemoProject.app */,
				AABD439E2C9B2E8100C6D16D /* AtlysDemoProjectTests.xctest */,
				AABD43A82C9B2E8200C6D16D /* AtlysDemoProjectUITests.xctest */,
			);
			name = Products;
			sourceTree = "<group>";
		};
/* End PBXGroup section */

/* Begin PBXNativeTarget section */
		AABD43872C9B2E8000C6D16D /* AtlysDemoProject */ = {
			isa = PBXNativeTarget;
			buildConfigurationList = AABD43B12C9B2E8200C6D16D /* Build configuration list for PBXNativeTarget "AtlysDemoProject" */;
			buildPhases = (
				AABD43842C9B2E8000C6D16D /* Sources */,
				AABD43852C9B2E8000C6D16D /* Frameworks */,
				AABD43862C9B2E8000C6D16D /* Resources */,
			);
			buildRules = (
			);
			dependencies = (
			);
			fileSystemSynchronizedGroups = (
				AABD438A2C9B2E8000C6D16D /* AtlysDemoProject */,
			);
			name = AtlysDemoProject;
			packageProductDependencies = (
			);
			productName = AtlysDemoProject;
			productReference = AABD43882C9B2E8000C6D16D /* AtlysDemoProject.app */;
			productType = "com.apple.product-type.application";
		};
		AABD439D2C9B2E8100C6D16D /* AtlysDemoProjectTests */ = {
			isa = PBXNativeTarget;
			buildConfigurationList = AABD43B62C9B2E8200C6D16D /* Build configuration list for PBXNativeTarget "AtlysDemoProjectTests" */;
			buildPhases = (
				AABD439A2C9B2E8100C6D16D /* Sources */,
				AABD439B2C9B2E8100C6D16D /* Frameworks */,
				AABD439C2C9B2E8100C6D16D /* Resources */,
			);
			buildRules = (
			);
			dependencies = (
				AABD43A02C9B2E8100C6D16D /* PBXTargetDependency */,
			);
			fileSystemSynchronizedGroups = (
				AABD43A12C9B2E8100C6D16D /* AtlysDemoProjectTests */,
			);
			name = AtlysDemoProjectTests;
			packageProductDependencies = (
			);
			productName = AtlysDemoProjectTests;
			productReference = AABD439E2C9B2E8100C6D16D /* AtlysDemoProjectTests.xctest */;
			productType = "com.apple.product-type.bundle.unit-test";
		};
		AABD43A72C9B2E8100C6D16D /* AtlysDemoProjectUITests */ = {
			isa = PBXNativeTarget;
			buildConfigurationList = AABD43B92C9B2E8200C6D16D /* Build configuration list for PBXNativeTarget "AtlysDemoProjectUITests" */;
			buildPhases = (
				AABD43A42C9B2E8100C6D16D /* Sources */,
				AABD43A52C9B2E8100C6D16D /* Frameworks */,
				AABD43A62C9B2E8100C6D16D /* Resources */,
			);
			buildRules = (
			);
			dependencies = (
				AABD43AA2C9B2E8200C6D16D /* PBXTargetDependency */,
			);
			fileSystemSynchronizedGroups = (
				AABD43AB2C9B2E8200C6D16D /* AtlysDemoProjectUITests */,
			);
			name = AtlysDemoProjectUITests;
			packageProductDependencies = (
			);
			productName = AtlysDemoProjectUITests;
			productReference = AABD43A82C9B2E8200C6D16D /* AtlysDemoProjectUITests.xctest */;
			productType = "com.apple.product-type.bundle.ui-testing";
		};
/* End PBXNativeTarget section */

/* Begin PBXProject section */
		AABD43802C9B2E8000C6D16D /* Project object */ = {
			isa = PBXProject;
			attributes = {
				BuildIndependentTargetsInParallel = 1;
				LastSwiftUpdateCheck = 1600;
				LastUpgradeCheck = 1600;
				TargetAttributes = {
					AABD43872C9B2E8000C6D16D = {
						CreatedOnToolsVersion = 16.0;
					};
					AABD439D2C9B2E8100C6D16D = {
						CreatedOnToolsVersion = 16.0;
						TestTargetID = AABD43872C9B2E8000C6D16D;
					};
					AABD43A72C9B2E8100C6D16D = {
						CreatedOnToolsVersion = 16.0;
						TestTargetID = AABD43872C9B2E8000C6D16D;
					};
				};
			};
			buildConfigurationList = AABD43832C9B2E8000C6D16D /* Build configuration list for PBXProject "AtlysDemoProject" */;
			developmentRegion = en;
			hasScannedForEncodings = 0;
			knownRegions = (
				en,
				Base,
			);
			mainGroup = AABD437F2C9B2E8000C6D16D;
			minimizedProjectReferenceProxies = 1;
			preferredProjectObjectVersion = 77;
			productRefGroup = AABD43892C9B2E8000C6D16D /* Products */;
			projectDirPath = "";
			projectRoot = "";
			targets = (
				AABD43872C9B2E8000C6D16D /* AtlysDemoProject */,
				AABD439D2C9B2E8100C6D16D /* AtlysDemoProjectTests */,
				AABD43A72C9B2E8100C6D16D /* AtlysDemoProjectUITests */,
			);
		};
/* End PBXProject section */

/* Begin PBXResourcesBuildPhase section */
		AABD43862C9B2E8000C6D16D /* Resources */ = {
			isa = PBXResourcesBuildPhase;
			buildActionMask = 2147483647;
			files = (
			);
			runOnlyForDeploymentPostprocessing = 0;
		};
		AABD439C2C9B2E8100C6D16D /* Resources */ = {
			isa = PBXResourcesBuildPhase;
			buildActionMask = 2147483647;
			files = (
			);
			runOnlyForDeploymentPostprocessing = 0;
		};
		AABD43A62C9B2E8100C6D16D /* Resources */ = {
			isa = PBXResourcesBuildPhase;
			buildActionMask = 2147483647;
			files = (
			);
			runOnlyForDeploymentPostprocessing = 0;
		};
/* End PBXResourcesBuildPhase section */

/* Begin PBXSourcesBuildPhase section */
		AABD43842C9B2E8000C6D16D /* Sources */ = {
			isa = PBXSourcesBuildPhase;
			buildActionMask = 2147483647;
			files = (
			);
			runOnlyForDeploymentPostprocessing = 0;
		};
		AABD439A2C9B2E8100C6D16D /* Sources */ = {
			isa = PBXSourcesBuildPhase;
			buildActionMask = 2147483647;
			files = (
			);
			runOnlyForDeploymentPostprocessing = 0;
		};
		AABD43A42C9B2E8100C6D16D /* Sources */ = {
			isa = PBXSourcesBuildPhase;
			buildActionMask = 2147483647;
			files = (
			);
			runOnlyForDeploymentPostprocessing = 0;
		};
/* End PBXSourcesBuildPhase section */

/* Begin PBXTargetDependency section */
		AABD43A02C9B2E8100C6D16D /* PBXTargetDependency */ = {
			isa = PBXTargetDependency;
			target = AABD43872C9B2E8000C6D16D /* AtlysDemoProject */;
			targetProxy = AABD439F2C9B2E8100C6D16D /* PBXContainerItemProxy */;
		};
		AABD43AA2C9B2E8200C6D16D /* PBXTargetDependency */ = {
			isa = PBXTargetDependency;
			target = AABD43872C9B2E8000C6D16D /* AtlysDemoProject */;
			targetProxy = AABD43A92C9B2E8200C6D16D /* PBXContainerItemProxy */;
		};
/* End PBXTargetDependency section */

/* Begin XCBuildConfiguration section */
		AABD43B22C9B2E8200C6D16D /* Debug */ = {
			isa = XCBuildConfiguration;
			buildSettings = {
				ASSETCATALOG_COMPILER_APPICON_NAME = AppIcon;
				ASSETCATALOG_COMPILER_GLOBAL_ACCENT_COLOR_NAME = AccentColor;
				CODE_SIGN_STYLE = Automatic;
				CURRENT_PROJECT_VERSION = 1;
				GENERATE_INFOPLIST_FILE = YES;
				INFOPLIST_FILE = AtlysDemoProject/Info.plist;
				INFOPLIST_KEY_UIApplicationSupportsIndirectInputEvents = YES;
				INFOPLIST_KEY_UILaunchStoryboardName = LaunchScreen;
				INFOPLIST_KEY_UIMainStoryboardFile = Main;
				INFOPLIST_KEY_UISupportedInterfaceOrientations_iPad = "UIInterfaceOrientationPortrait UIInterfaceOrientationPortraitUpsideDown UIInterfaceOrientationLandscapeLeft UIInterfaceOrientationLandscapeRight";
				INFOPLIST_KEY_UISupportedInterfaceOrientations_iPhone = "UIInterfaceOrientationPortrait UIInterfaceOrientationLandscapeLeft UIInterfaceOrientationLandscapeRight";
				LD_RUNPATH_SEARCH_PATHS = (
					"$(inherited)",
					"@executable_path/Frameworks",
				);
				MARKETING_VERSION = 1.0;
				PRODUCT_BUNDLE_IDENTIFIER = com.example.AtlysDemoProject;
				PRODUCT_NAME = "$(TARGET_NAME)";
				SWIFT_EMIT_LOC_STRINGS = YES;
				SWIFT_VERSION = 5.0;
				TARGETED_DEVICE_FAMILY = "1,2";
			};
			name = Debug;
		};
		AABD43B32C9B2E8200C6D16D /* Release */ = {
			isa = XCBuildConfiguration;
			buildSettings = {
				ASSETCATALOG_COMPILER_APPICON_NAME = AppIcon;
				ASSETCATALOG_COMPILER_GLOBAL_ACCENT_COLOR_NAME = AccentColor;
				CODE_SIGN_STYLE = Automatic;
				CURRENT_PROJECT_VERSION = 1;
				GENERATE_INFOPLIST_FILE = YES;
				INFOPLIST_FILE = AtlysDemoProject/Info.plist;
				INFOPLIST_KEY_UIApplicationSupportsIndirectInputEvents = YES;
				INFOPLIST_KEY_UILaunchStoryboardName = LaunchScreen;
				INFOPLIST_KEY_UIMainStoryboardFile = Main;
				INFOPLIST_KEY_UISupportedInterfaceOrientations_iPad = "UIInterfaceOrientationPortrait UIInterfaceOrientationPortraitUpsideDown UIInterfaceOrientationLandscapeLeft UIInterfaceOrientationLandscapeRight";
				INFOPLIST_KEY_UISupportedInterfaceOrientations_iPhone = "UIInterfaceOrientationPortrait UIInterfaceOrientationLandscapeLeft UIInterfaceOrientationLandscapeRight";
				LD_RUNPATH_SEARCH_PATHS = (
					"$(inherited)",
					"@executable_path/Frameworks",
				);
				MARKETING_VERSION = 1.0;
				PRODUCT_BUNDLE_IDENTIFIER = com.example.AtlysDemoProject;
				PRODUCT_NAME = "$(TARGET_NAME)";
				SWIFT_EMIT_LOC_STRINGS = YES;
				SWIFT_VERSION = 5.0;
				TARGETED_DEVICE_FAMILY = "1,2";
			};
			name = Release;
		};
		AABD43B42C9B2E8200C6D16D /* Debug */ = {
			isa = XCBuildConfiguration;
			buildSettings = {
				ALWAYS_SEARCH_USER_PATHS = NO;
				ASSETCATALOG_COMPILER_GENERATE_SWIFT_ASSET_SYMBOL_EXTENSIONS = YES;
				CLANG_ANALYZER_NONNULL = YES;
				CLANG_ANALYZER_NUMBER_OBJECT_CONVERSION = YES_AGGRESSIVE;
				CLANG_CXX_LANGUAGE_STANDARD = "gnu++20";
				CLANG_ENABLE_MODULES = YES;
				CLANG_ENABLE_OBJC_ARC = YES;
				CLANG_ENABLE_OBJC_WEAK = YES;
				CLANG_WARN_BLOCK_CAPTURE_AUTORELEASING = YES;
				CLANG_WARN_BOOL_CONVERSION = YES;
				CLANG_WARN_COMMA = YES;
				CLANG_WARN_CONSTANT_CONVERSION = YES;
				CLANG_WARN_DEPRECATED_OBJC_IMPLEMENTATIONS = YES;
				CLANG_WARN_DIRECT_OBJC_ISA_USAGE = YES_ERROR;
				CLANG_WARN_DOCUMENTATION_COMMENTS = YES;
				CLANG_WARN_EMPTY_BODY = YES;
				CLANG_WARN_ENUM_CONVERSION = YES;
				CLANG_WARN_INFINITE_RECURSION = YES;
				CLANG_WARN_INT_CONVERSION = YES;
				CLANG_WARN_NON_LITERAL_NULL_CONVERSION = YES;
				CLANG_WARN_OBJC_IMPLICIT_RETAIN_SELF = YES;
				CLANG_WARN_OBJC_LITERAL_CONVERSION = YES;
				CLANG_WARN_OBJC_ROOT_CLASS = YES_ERROR;
				CLANG_WARN_QUOTED_INCLUDE_IN_FRAMEWORK_HEADER = YES;
				CLANG_WARN_RANGE_LOOP_ANALYSIS = YES;
				CLANG_WARN_STRICT_PROTOTYPES = YES;
				CLANG_WARN_SUSPICIOUS_MOVE = YES;
				CLANG_WARN_UNGUARDED_AVAILABILITY = YES_AGGRESSIVE;
				CLANG_WARN_UNREACHABLE_CODE = YES;
				CLANG_WARN__DUPLICATE_METHOD_MATCH = YES;
				COPY_PHASE_STRIP = NO;
				DEBUG_INFORMATION_FORMAT = dwarf;
				ENABLE_STRICT_OBJC_MSGSEND = YES;
				ENABLE_TESTABILITY = YES;
				ENABLE_USER_SCRIPT_SANDBOXING = YES;
				GCC_C_LANGUAGE_STANDARD = gnu17;
				GCC_DYNAMIC_NO_PIC = NO;
				GCC_NO_COMMON_BLOCKS = YES;
				GCC_OPTIMIZATION_LEVEL = 0;
				GCC_PREPROCESSOR_DEFINITIONS = (
					"DEBUG=1",
					"$(inherited)",
				);
				GCC_WARN_64_TO_32_BIT_CONVERSION = YES;
				GCC_WARN_ABOUT_RETURN_TYPE = YES_ERROR;
				GCC_WARN_UNDECLARED_SELECTOR = YES;
				GCC_WARN_UNINITIALIZED_AUTOS = YES_AGGRESSIVE;
				GCC_WARN_UNUSED_FUNCTION = YES;
				GCC_WARN_UNUSED_VARIABLE = YES;
				IPHONEOS_DEPLOYMENT_TARGET = 18.0;
				LOCALIZATION_PREFERS_STRING_CATALOGS = YES;
				MTL_ENABLE_DEBUG_INFO = INCLUDE_SOURCE;
				MTL_FAST_MATH = YES;
				ONLY_ACTIVE_ARCH = YES;
				SDKROOT = iphoneos;
				SWIFT_ACTIVE_COMPILATION_CONDITIONS = "DEBUG $(inherited)";
				SWIFT_OPTIMIZATION_LEVEL = "-Onone";
			};
			name = Debug;
		};
		AABD43B52C9B2E8200C6D16D /* Release */ = {
			isa = XCBuildConfiguration;
			buildSettings = {
				ALWAYS_SEARCH_USER_PATHS = NO;
				ASSETCATALOG_COMPILER_GENERATE_SWIFT_ASSET_SYMBOL_EXTENSIONS = YES;
				CLANG_ANALYZER_NONNULL = YES;
				CLANG_ANALYZER_NUMBER_OBJECT_CONVERSION = YES_AGGRESSIVE;
				CLANG_CXX_LANGUAGE_STANDARD = "gnu++20";
				CLANG_ENABLE_MODULES = YES;
				CLANG_ENABLE_OBJC_ARC = YES;
				CLANG_ENABLE_OBJC_WEAK = YES;
				CLANG_WARN_BLOCK_CAPTURE_AUTORELEASING = YES;
				CLANG_WARN_BOOL_CONVERSION = YES;
				CLANG_WARN_COMMA = YES;
				CLANG_WARN_CONSTANT_CONVERSION = YES;
				CLANG_WARN_DEPRECATED_OBJC_IMPLEMENTATIONS = YES;
				CLANG_WARN_DIRECT_OBJC_ISA_USAGE = YES_ERROR;
				CLANG_WARN_DOCUMENTATION_COMMENTS = YES;
				CLANG_WARN_EMPTY_BODY = YES;
				CLANG_WARN_ENUM_CONVERSION = YES;
				CLANG_WARN_INFINITE_RECURSION = YES;
				CLANG_WARN_INT_CONVERSION = YES;
				CLANG_WARN_NON_LITERAL_NULL_CONVERSION = YES;
				CLANG_WARN_OBJC_IMPLICIT_RETAIN_SELF = YES;
				CLANG_WARN_OBJC_LITERAL_CONVERSION = YES;
				CLANG_WARN_OBJC_ROOT_CLASS = YES_ERROR;
				CLANG_WARN_QUOTED_INCLUDE_IN_FRAMEWORK_HEADER = YES;
				CLANG_WARN_RANGE_LOOP_ANALYSIS = YES;
				CLANG_WARN_STRICT_PROTOTYPES = YES;
				CLANG_WARN_SUSPICIOUS_MOVE = YES;
				CLANG_WARN_UNGUARDED_AVAILABILITY = YES_AGGRESSIVE;
				CLANG_WARN_UNREACHABLE_CODE = YES;
				CLANG_WARN__DUPLICATE_METHOD_MATCH = YES;
				COPY_PHASE_STRIP = NO;
				DEBUG_INFORMATION_FORMAT = "dwarf-with-dsym";
				ENABLE_NS_ASSERTIONS = NO;
				ENABLE_STRICT_OBJC_MSGSEND = YES;
				ENABLE_USER_SCRIPT_SANDBOXING = YES;
				GCC_C_LANGUAGE_STANDARD = gnu17;
				GCC_NO_COMMON_BLOCKS = YES;
				GCC_WARN_64_TO_32_BIT_CONVERSION = YES;
				GCC_WARN_ABOUT_RETURN_TYPE = YES_ERROR;
				GCC_WARN_UNDECLARED_SELECTOR = YES;
				GCC_WARN_UNINITIALIZED_AUTOS = YES_AGGRESSIVE;
				GCC_WARN_UNUSED_FUNCTION = YES;
				GCC_WARN_UNUSED_VARIABLE = YES;
				IPHONEOS_DEPLOYMENT_TARGET = 18.0;
				LOCALIZATION_PREFERS_STRING_CATALOGS = YES;
				MTL_ENABLE_DEBUG_INFO = NO;
				MTL_FAST_MATH = YES;
				SDKROOT = iphoneos;
				SWIFT_COMPILATION_MODE = wholemodule;
				VALIDATE_PRODUCT = YES;
			};
			name = Release;
		};
		AABD43B72C9B2E8200C6D16D /* Debug */ = {
			isa = XCBuildConfiguration;
			buildSettings = {
				BUNDLE_LOADER = "$(TEST_HOST)";
				CODE_SIGN_STYLE = Automatic;
				CURRENT_PROJECT_VERSION = 1;
				GENERATE_INFOPLIST_FILE = YES;
				IPHONEOS_DEPLOYMENT_TARGET = 18.0;
				MARKETING_VERSION = 1.0;
				PRODUCT_BUNDLE_IDENTIFIER = com.example.AtlysDemoProjectTests;
				PRODUCT_NAME = "$(TARGET_NAME)";
				SWIFT_EMIT_LOC_STRINGS = NO;
				SWIFT_VERSION = 5.0;
				TARGETED_DEVICE_FAMILY = "1,2";
				TEST_HOST = "$(BUILT_PRODUCTS_DIR)/AtlysDemoProject.app/$(BUNDLE_EXECUTABLE_FOLDER_PATH)/AtlysDemoProject";
			};
			name = Debug;
		};
		AABD43B82C9B2E8200C6D16D /* Release */ = {
			isa = XCBuildConfiguration;
			buildSettings = {
				BUNDLE_LOADER = "$(TEST_HOST)";
				CODE_SIGN_STYLE = Automatic;
				CURRENT_PROJECT_VERSION = 1;
				GENERATE_INFOPLIST_FILE = YES;
				IPHONEOS_DEPLOYMENT_TARGET = 18.0;
				MARKETING_VERSION = 1.0;
				PRODUCT_BUNDLE_IDENTIFIER = com.example.AtlysDemoProjectTests;
				PRODUCT_NAME = "$(TARGET_NAME)";
				SWIFT_EMIT_LOC_STRINGS = NO;
				SWIFT_VERSION = 5.0;
				TARGETED_DEVICE_FAMILY = "1,2";
				TEST_HOST = "$(BUILT_PRODUCTS_DIR)/AtlysDemoProject.app/$(BUNDLE_EXECUTABLE_FOLDER_PATH)/AtlysDemoProject";
			};
			name = Release;
		};
		AABD43BA2C9B2E8200C6D16D /* Debug */ = {
			isa = XCBuildConfiguration;
			buildSettings = {
				CODE_SIGN_STYLE = Automatic;
				CURRENT_PROJECT_VERSION = 1;
				GENERATE_INFOPLIST_FILE = YES;
				MARKETING_VERSION = 1.0;
				PRODUCT_BUNDLE_IDENTIFIER = com.example.AtlysDemoProjectUITests;
				PRODUCT_NAME = "$(TARGET_NAME)";
				SWIFT_EMIT_LOC_STRINGS = NO;
				SWIFT_VERSION = 5.0;
				TARGETED_DEVICE_FAMILY = "1,2";
				TEST_TARGET_NAME = AtlysDemoProject;
			};
			name = Debug;
		};
		AABD43BB2C9B2E8200C6D16D /* Release */ = {
			isa = XCBuildConfiguration;
			buildSettings = {
				CODE_SIGN_STYLE = Automatic;
				CURRENT_PROJECT_VERSION = 1;
				GENERATE_INFOPLIST_FILE = YES;
				MARKETING_VERSION = 1.0;
				PRODUCT_BUNDLE_IDENTIFIER = com.example.AtlysDemoProjectUITests;
				PRODUCT_NAME = "$(TARGET_NAME)";
				SWIFT_EMIT_LOC_STRINGS = NO;
				SWIFT_VERSION = 5.0;
				TARGETED_DEVICE_FAMILY = "1,2";
				TEST_TARGET_NAME = AtlysDemoProject;
			};
			name = Release;
		};
/* End XCBuildConfiguration section */

/* Begin XCConfigurationList section */
		AABD43832C9B2E8000C6D16D /* Build configuration list for PBXProject "AtlysDemoProject" */ = {
			isa = XCConfigurationList;
			buildConfigurations = (
				AABD43B42C9B2E8200C6D16D /* Debug */,
				AABD43B52C9B2E8200C6D16D /* Release */,
			);
			defaultConfigurationIsVisible = 0;
			defaultConfigurationName = Release;
		};
		AABD43B12C9B2E8200C6D16D /* Build configuration list for PBXNativeTarget "AtlysDemoProject" */ = {
			isa = XCConfigurationList;
			buildConfigurations = (
				AABD43B22C9B2E8200C6D16D /* Debug */,
				AABD43B32C9B2E8200C6D16D /* Release */,
			);
			defaultConfigurationIsVisible = 0;
			defaultConfigurationName = Release;
		};
		AABD43B62C9B2E8200C6D16D /* Build configuration list for PBXNativeTarget "AtlysDemoProjectTests" */ = {
			isa = XCConfigurationList;
			buildConfigurations = (
				AABD43B72C9B2E8200C6D16D /* Debug */,
				AABD43B82C9B2E8200C6D16D /* Release */,
			);
			defaultConfigurationIsVisible = 0;
			defaultConfigurationName = Release;
		};
		AABD43B92C9B2E8200C6D16D /* Build configuration list for PBXNativeTarget "AtlysDemoProjectUITests" */ = {
			isa = XCConfigurationList;
			buildConfigurations = (
				AABD43BA2C9B2E8200C6D16D /* Debug */,
				AABD43BB2C9B2E8200C6D16D /* Release */,
			);
			defaultConfigurationIsVisible = 0;
			defaultConfigurationName = Release;
		};
/* End XCConfigurationList section */
	};
	rootObject = AABD43802C9B2E8000C6D16D /* Project object */;
}
